// !$*UTF8*$!
{
	archiveVersion = 1;
	classes = {
	};
	objectVersion = 46;
	objects = {

/* Begin PBXBuildFile section */
		7CFE86371B410C94008E194E /* AppDelegate.swift in Sources */ = {isa = PBXBuildFile; fileRef = 7CFE86361B410C94008E194E /* AppDelegate.swift */; };
		7CFE863C1B410C94008E194E /* Main.storyboard in Resources */ = {isa = PBXBuildFile; fileRef = 7CFE863A1B410C94008E194E /* Main.storyboard */; };
		7CFE863E1B410C94008E194E /* Images.xcassets in Resources */ = {isa = PBXBuildFile; fileRef = 7CFE863D1B410C94008E194E /* Images.xcassets */; };
		7CFE86411B410C94008E194E /* LaunchScreen.xib in Resources */ = {isa = PBXBuildFile; fileRef = 7CFE863F1B410C94008E194E /* LaunchScreen.xib */; };
		7CFE864D1B410C94008E194E /* TipTapSBTests.swift in Sources */ = {isa = PBXBuildFile; fileRef = 7CFE864C1B410C94008E194E /* TipTapSBTests.swift */; };
		7CFE86571B410CC7008E194E /* TTViewController.swift in Sources */ = {isa = PBXBuildFile; fileRef = 7CFE86561B410CC7008E194E /* TTViewController.swift */; };
		7CFE86591B410E21008E194E /* TTBillViewCell.swift in Sources */ = {isa = PBXBuildFile; fileRef = 7CFE86581B410E21008E194E /* TTBillViewCell.swift */; };
/* End PBXBuildFile section */

/* Begin PBXContainerItemProxy section */
		7CFE86471B410C94008E194E /* PBXContainerItemProxy */ = {
			isa = PBXContainerItemProxy;
			containerPortal = 7CFE86291B410C94008E194E /* Project object */;
			proxyType = 1;
			remoteGlobalIDString = 7CFE86301B410C94008E194E;
			remoteInfo = TipTapSB;
		};
/* End PBXContainerItemProxy section */

/* Begin PBXFileReference section */
		7CFE86311B410C94008E194E /* TipTapSB.app */ = {isa = PBXFileReference; explicitFileType = wrapper.application; includeInIndex = 0; path = TipTapSB.app; sourceTree = BUILT_PRODUCTS_DIR; };
		7CFE86351B410C94008E194E /* Info.plist */ = {isa = PBXFileReference; lastKnownFileType = text.plist.xml; path = Info.plist; sourceTree = "<group>"; };
		7CFE86361B410C94008E194E /* AppDelegate.swift */ = {isa = PBXFileReference; lastKnownFileType = sourcecode.swift; path = AppDelegate.swift; sourceTree = "<group>"; };
		7CFE863B1B410C94008E194E /* Base */ = {isa = PBXFileReference; lastKnownFileType = file.storyboard; name = Base; path = Base.lproj/Main.storyboard; sourceTree = "<group>"; };
		7CFE863D1B410C94008E194E /* Images.xcassets */ = {isa = PBXFileReference; lastKnownFileType = folder.assetcatalog; path = Images.xcassets; sourceTree = "<group>"; };
		7CFE86401B410C94008E194E /* Base */ = {isa = PBXFileReference; lastKnownFileType = file.xib; name = Base; path = Base.lproj/LaunchScreen.xib; sourceTree = "<group>"; };
		7CFE86461B410C94008E194E /* TipTapSBTests.xctest */ = {isa = PBXFileReference; explicitFileType = wrapper.cfbundle; includeInIndex = 0; path = TipTapSBTests.xctest; sourceTree = BUILT_PRODUCTS_DIR; };
		7CFE864B1B410C94008E194E /* Info.plist */ = {isa = PBXFileReference; lastKnownFileType = text.plist.xml; path = Info.plist; sourceTree = "<group>"; };
		7CFE864C1B410C94008E194E /* TipTapSBTests.swift */ = {isa = PBXFileReference; lastKnownFileType = sourcecode.swift; path = TipTapSBTests.swift; sourceTree = "<group>"; };
		7CFE86561B410CC7008E194E /* TTViewController.swift */ = {isa = PBXFileReference; fileEncoding = 4; lastKnownFileType = sourcecode.swift; name = TTViewController.swift; path = Views/TTViewController.swift; sourceTree = "<group>"; };
		7CFE86581B410E21008E194E /* TTBillViewCell.swift */ = {isa = PBXFileReference; fileEncoding = 4; lastKnownFileType = sourcecode.swift; name = TTBillViewCell.swift; path = Views/TTBillViewCell.swift; sourceTree = "<group>"; };
/* End PBXFileReference section */

/* Begin PBXFrameworksBuildPhase section */
		7CFE862E1B410C94008E194E /* Frameworks */ = {
			isa = PBXFrameworksBuildPhase;
			buildActionMask = 2147483647;
			files = (
			);
			runOnlyForDeploymentPostprocessing = 0;
		};
		7CFE86431B410C94008E194E /* Frameworks */ = {
			isa = PBXFrameworksBuildPhase;
			buildActionMask = 2147483647;
			files = (
			);
			runOnlyForDeploymentPostprocessing = 0;
		};
/* End PBXFrameworksBuildPhase section */

/* Begin PBXGroup section */
		7CFE86281B410C94008E194E = {
			isa = PBXGroup;
			children = (
				7CFE86331B410C94008E194E /* TipTapSB */,
				7CFE86491B410C94008E194E /* TipTapSBTests */,
				7CFE86321B410C94008E194E /* Products */,
			);
			sourceTree = "<group>";
		};
		7CFE86321B410C94008E194E /* Products */ = {
			isa = PBXGroup;
			children = (
				7CFE86311B410C94008E194E /* TipTapSB.app */,
				7CFE86461B410C94008E194E /* TipTapSBTests.xctest */,
			);
			name = Products;
			sourceTree = "<group>";
		};
		7CFE86331B410C94008E194E /* TipTapSB */ = {
			isa = PBXGroup;
			children = (
				7CFE86361B410C94008E194E /* AppDelegate.swift */,
				7CFE865A1B410E26008E194E /* Views */,
				7CFE863A1B410C94008E194E /* Main.storyboard */,
				7CFE863D1B410C94008E194E /* Images.xcassets */,
				7CFE863F1B410C94008E194E /* LaunchScreen.xib */,
				7CFE86341B410C94008E194E /* Supporting Files */,
			);
			path = TipTapSB;
			sourceTree = "<group>";
		};
		7CFE86341B410C94008E194E /* Supporting Files */ = {
			isa = PBXGroup;
			children = (
				7CFE86351B410C94008E194E /* Info.plist */,
			);
			name = "Supporting Files";
			sourceTree = "<group>";
		};
		7CFE86491B410C94008E194E /* TipTapSBTests */ = {
			isa = PBXGroup;
			children = (
				7CFE864C1B410C94008E194E /* TipTapSBTests.swift */,
				7CFE864A1B410C94008E194E /* Supporting Files */,
			);
			path = TipTapSBTests;
			sourceTree = "<group>";
		};
		7CFE864A1B410C94008E194E /* Supporting Files */ = {
			isa = PBXGroup;
			children = (
				7CFE864B1B410C94008E194E /* Info.plist */,
			);
			name = "Supporting Files";
			sourceTree = "<group>";
		};
		7CFE865A1B410E26008E194E /* Views */ = {
			isa = PBXGroup;
			children = (
				7CFE86561B410CC7008E194E /* TTViewController.swift */,
				7CFE86581B410E21008E194E /* TTBillViewCell.swift */,
			);
			name = Views;
			sourceTree = "<group>";
		};
/* End PBXGroup section */

/* Begin PBXNativeTarget section */
		7CFE86301B410C94008E194E /* TipTapSB */ = {
			isa = PBXNativeTarget;
			buildConfigurationList = 7CFE86501B410C94008E194E /* Build configuration list for PBXNativeTarget "TipTapSB" */;
			buildPhases = (
				7CFE862D1B410C94008E194E /* Sources */,
				7CFE862E1B410C94008E194E /* Frameworks */,
				7CFE862F1B410C94008E194E /* Resources */,
			);
			buildRules = (
			);
			dependencies = (
			);
			name = TipTapSB;
			productName = TipTapSB;
			productReference = 7CFE86311B410C94008E194E /* TipTapSB.app */;
			productType = "com.apple.product-type.application";
		};
		7CFE86451B410C94008E194E /* TipTapSBTests */ = {
			isa = PBXNativeTarget;
			buildConfigurationList = 7CFE86531B410C94008E194E /* Build configuration list for PBXNativeTarget "TipTapSBTests" */;
			buildPhases = (
				7CFE86421B410C94008E194E /* Sources */,
				7CFE86431B410C94008E194E /* Frameworks */,
				7CFE86441B410C94008E194E /* Resources */,
			);
			buildRules = (
			);
			dependencies = (
				7CFE86481B410C94008E194E /* PBXTargetDependency */,
			);
			name = TipTapSBTests;
			productName = TipTapSBTests;
			productReference = 7CFE86461B410C94008E194E /* TipTapSBTests.xctest */;
			productType = "com.apple.product-type.bundle.unit-test";
		};
/* End PBXNativeTarget section */

/* Begin PBXProject section */
		7CFE86291B410C94008E194E /* Project object */ = {
			isa = PBXProject;
			attributes = {
				CLASSPREFIX = TT;
				LastUpgradeCheck = 0630;
				ORGANIZATIONNAME = "Giving Tree";
				TargetAttributes = {
					7CFE86301B410C94008E194E = {
						CreatedOnToolsVersion = 6.3.1;
					};
					7CFE86451B410C94008E194E = {
						CreatedOnToolsVersion = 6.3.1;
						TestTargetID = 7CFE86301B410C94008E194E;
					};
				};
			};
			buildConfigurationList = 7CFE862C1B410C94008E194E /* Build configuration list for PBXProject "TipTapSB" */;
			compatibilityVersion = "Xcode 3.2";
			developmentRegion = English;
			hasScannedForEncodings = 0;
			knownRegions = (
				en,
				Base,
			);
			mainGroup = 7CFE86281B410C94008E194E;
			productRefGroup = 7CFE86321B410C94008E194E /* Products */;
			projectDirPath = "";
			projectRoot = "";
			targets = (
				7CFE86301B410C94008E194E /* TipTapSB */,
				7CFE86451B410C94008E194E /* TipTapSBTests */,
			);
		};
/* End PBXProject section */

/* Begin PBXResourcesBuildPhase section */
		7CFE862F1B410C94008E194E /* Resources */ = {
			isa = PBXResourcesBuildPhase;
			buildActionMask = 2147483647;
			files = (
				7CFE863C1B410C94008E194E /* Main.storyboard in Resources */,
				7CFE86411B410C94008E194E /* LaunchScreen.xib in Resources */,
				7CFE863E1B410C94008E194E /* Images.xcassets in Resources */,
			);
			runOnlyForDeploymentPostprocessing = 0;
		};
		7CFE86441B410C94008E194E /* Resources */ = {
			isa = PBXResourcesBuildPhase;
			buildActionMask = 2147483647;
			files = (
			);
			runOnlyForDeploymentPostprocessing = 0;
		};
/* End PBXResourcesBuildPhase section */

/* Begin PBXSourcesBuildPhase section */
		7CFE862D1B410C94008E194E /* Sources */ = {
			isa = PBXSourcesBuildPhase;
			buildActionMask = 2147483647;
			files = (
				7CFE86591B410E21008E194E /* TTBillViewCell.swift in Sources */,
				7CFE86371B410C94008E194E /* AppDelegate.swift in Sources */,
				7CFE86571B410CC7008E194E /* TTViewController.swift in Sources */,
			);
			runOnlyForDeploymentPostprocessing = 0;
		};
		7CFE86421B410C94008E194E /* Sources */ = {
			isa = PBXSourcesBuildPhase;
			buildActionMask = 2147483647;
			files = (
				7CFE864D1B410C94008E194E /* TipTapSBTests.swift in Sources */,
			);
			runOnlyForDeploymentPostprocessing = 0;
		};
/* End PBXSourcesBuildPhase section */

/* Begin PBXTargetDependency section */
		7CFE86481B410C94008E194E /* PBXTargetDependency */ = {
			isa = PBXTargetDependency;
			target = 7CFE86301B410C94008E194E /* TipTapSB */;
			targetProxy = 7CFE86471B410C94008E194E /* PBXContainerItemProxy */;
		};
/* End PBXTargetDependency section */

/* Begin PBXVariantGroup section */
		7CFE863A1B410C94008E194E /* Main.storyboard */ = {
			isa = PBXVariantGroup;
			children = (
				7CFE863B1B410C94008E194E /* Base */,
			);
			name = Main.storyboard;
			sourceTree = "<group>";
		};
		7CFE863F1B410C94008E194E /* LaunchScreen.xib */ = {
			isa = PBXVariantGroup;
			children = (
				7CFE86401B410C94008E194E /* Base */,
			);
			name = LaunchScreen.xib;
			sourceTree = "<group>";
		};
/* End PBXVariantGroup section */

/* Begin XCBuildConfiguration section */
		7CFE864E1B410C94008E194E /* Debug */ = {
			isa = XCBuildConfiguration;
			buildSettings = {
				ALWAYS_SEARCH_USER_PATHS = NO;
				CLANG_CXX_LANGUAGE_STANDARD = "gnu++0x";
				CLANG_CXX_LIBRARY = "libc++";
				CLANG_ENABLE_MODULES = YES;
				CLANG_ENABLE_OBJC_ARC = YES;
				CLANG_WARN_BOOL_CONVERSION = YES;
				CLANG_WARN_CONSTANT_CONVERSION = YES;
				CLANG_WARN_DIRECT_OBJC_ISA_USAGE = YES_ERROR;
				CLANG_WARN_EMPTY_BODY = YES;
				CLANG_WARN_ENUM_CONVERSION = YES;
				CLANG_WARN_INT_CONVERSION = YES;
				CLANG_WARN_OBJC_ROOT_CLASS = YES_ERROR;
				CLANG_WARN_UNREACHABLE_CODE = YES;
				CLANG_WARN__DUPLICATE_METHOD_MATCH = YES;
				"CODE_SIGN_IDENTITY[sdk=iphoneos*]" = "iPhone Developer";
				COPY_PHASE_STRIP = NO;
				DEBUG_INFORMATION_FORMAT = "dwarf-with-dsym";
				ENABLE_STRICT_OBJC_MSGSEND = YES;
				GCC_C_LANGUAGE_STANDARD = gnu99;
				GCC_DYNAMIC_NO_PIC = NO;
				GCC_NO_COMMON_BLOCKS = YES;
				GCC_OPTIMIZATION_LEVEL = 0;
				GCC_PREPROCESSOR_DEFINITIONS = (
					"DEBUG=1",
					"$(inherited)",
				);
				GCC_SYMBOLS_PRIVATE_EXTERN = NO;
				GCC_WARN_64_TO_32_BIT_CONVERSION = YES;
				GCC_WARN_ABOUT_RETURN_TYPE = YES_ERROR;
				GCC_WARN_UNDECLARED_SELECTOR = YES;
				GCC_WARN_UNINITIALIZED_AUTOS = YES_AGGRESSIVE;
				GCC_WARN_UNUSED_FUNCTION = YES;
				GCC_WARN_UNUSED_VARIABLE = YES;
				IPHONEOS_DEPLOYMENT_TARGET = 8.3;
				MTL_ENABLE_DEBUG_INFO = YES;
				ONLY_ACTIVE_ARCH = YES;
				SDKROOT = iphoneos;
				SWIFT_OPTIMIZATION_LEVEL = "-Onone";
			};
			name = Debug;
		};
		7CFE864F1B410C94008E194E /* Release */ = {
			isa = XCBuildConfiguration;
			buildSettings = {
				ALWAYS_SEARCH_USER_PATHS = NO;
				CLANG_CXX_LANGUAGE_STANDARD = "gnu++0x";
				CLANG_CXX_LIBRARY = "libc++";
				CLANG_ENABLE_MODULES = YES;
				CLANG_ENABLE_OBJC_ARC = YES;
				CLANG_WARN_BOOL_CONVERSION = YES;
				CLANG_WARN_CONSTANT_CONVERSION = YES;
				CLANG_WARN_DIRECT_OBJC_ISA_USAGE = YES_ERROR;
				CLANG_WARN_EMPTY_BODY = YES;
				CLANG_WARN_ENUM_CONVERSION = YES;
				CLANG_WARN_INT_CONVERSION = YES;
				CLANG_WARN_OBJC_ROOT_CLASS = YES_ERROR;
				CLANG_WARN_UNREACHABLE_CODE = YES;
				CLANG_WARN__DUPLICATE_METHOD_MATCH = YES;
				"CODE_SIGN_IDENTITY[sdk=iphoneos*]" = "iPhone Developer";
				COPY_PHASE_STRIP = NO;
				DEBUG_INFORMATION_FORMAT = "dwarf-with-dsym";
				ENABLE_NS_ASSERTIONS = NO;
				ENABLE_STRICT_OBJC_MSGSEND = YES;
				GCC_C_LANGUAGE_STANDARD = gnu99;
				GCC_NO_COMMON_BLOCKS = YES;
				GCC_WARN_64_TO_32_BIT_CONVERSION = YES;
				GCC_WARN_ABOUT_RETURN_TYPE = YES_ERROR;
				GCC_WARN_UNDECLARED_SELECTOR = YES;
				GCC_WARN_UNINITIALIZED_AUTOS = YES_AGGRESSIVE;
				GCC_WARN_UNUSED_FUNCTION = YES;
				GCC_WARN_UNUSED_VARIABLE = YES;
				IPHONEOS_DEPLOYMENT_TARGET = 8.3;
				MTL_ENABLE_DEBUG_INFO = NO;
				SDKROOT = iphoneos;
				VALIDATE_PRODUCT = YES;
			};
			name = Release;
		};
		7CFE86511B410C94008E194E /* Debug */ = {
			isa = XCBuildConfiguration;
			buildSettings = {
				ASSETCATALOG_COMPILER_APPICON_NAME = AppIcon;
				INFOPLIST_FILE = TipTapSB/Info.plist;
				LD_RUNPATH_SEARCH_PATHS = "$(inherited) @executable_path/Frameworks";
				PRODUCT_NAME = "$(TARGET_NAME)";
			};
			name = Debug;
		};
		7CFE86521B410C94008E194E /* Release */ = {
			isa = XCBuildConfiguration;
			buildSettings = {
				ASSETCATALOG_COMPILER_APPICON_NAME = AppIcon;
				INFOPLIST_FILE = TipTapSB/Info.plist;
				LD_RUNPATH_SEARCH_PATHS = "$(inherited) @executable_path/Frameworks";
				PRODUCT_NAME = "$(TARGET_NAME)";
			};
			name = Release;
		};
		7CFE86541B410C94008E194E /* Debug */ = {
			isa = XCBuildConfiguration;
			buildSettings = {
				BUNDLE_LOADER = "$(TEST_HOST)";
				FRAMEWORK_SEARCH_PATHS = (
					"$(SDKROOT)/Developer/Library/Frameworks",
					"$(inherited)",
				);
				GCC_PREPROCESSOR_DEFINITIONS = (
					"DEBUG=1",
					"$(inherited)",
				);
				INFOPLIST_FILE = TipTapSBTests/Info.plist;
				LD_RUNPATH_SEARCH_PATHS = "$(inherited) @executable_path/Frameworks @loader_path/Frameworks";
				PRODUCT_NAME = "$(TARGET_NAME)";
				TEST_HOST = "$(BUILT_PRODUCTS_DIR)/TipTapSB.app/TipTapSB";
			};
			name = Debug;
		};
		7CFE86551B410C94008E194E /* Release */ = {
			isa = XCBuildConfiguration;
			buildSettings = {
				BUNDLE_LOADER = "$(TEST_HOST)";
				FRAMEWORK_SEARCH_PATHS = (
					"$(SDKROOT)/Developer/Library/Frameworks",
					"$(inherited)",
				);
				INFOPLIST_FILE = TipTapSBTests/Info.plist;
				LD_RUNPATH_SEARCH_PATHS = "$(inherited) @executable_path/Frameworks @loader_path/Frameworks";
				PRODUCT_NAME = "$(TARGET_NAME)";
				TEST_HOST = "$(BUILT_PRODUCTS_DIR)/TipTapSB.app/TipTapSB";
			};
			name = Release;
		};
/* End XCBuildConfiguration section */

/* Begin XCConfigurationList section */
		7CFE862C1B410C94008E194E /* Build configuration list for PBXProject "TipTapSB" */ = {
			isa = XCConfigurationList;
			buildConfigurations = (
				7CFE864E1B410C94008E194E /* Debug */,
				7CFE864F1B410C94008E194E /* Release */,
			);
			defaultConfigurationIsVisible = 0;
			defaultConfigurationName = Release;
		};
		7CFE86501B410C94008E194E /* Build configuration list for PBXNativeTarget "TipTapSB" */ = {
			isa = XCConfigurationList;
			buildConfigurations = (
				7CFE86511B410C94008E194E /* Debug */,
				7CFE86521B410C94008E194E /* Release */,
			);
			defaultConfigurationIsVisible = 0;
		};
		7CFE86531B410C94008E194E /* Build configuration list for PBXNativeTarget "TipTapSBTests" */ = {
			isa = XCConfigurationList;
			buildConfigurations = (
				7CFE86541B410C94008E194E /* Debug */,
				7CFE86551B410C94008E194E /* Release */,
			);
			defaultConfigurationIsVisible = 0;
		};
/* End XCConfigurationList section */
	};
	rootObject = 7CFE86291B410C94008E194E /* Project object */;
}
